dependencies:
- name: redis
  repository: https://charts.bitnami.com/bitnami
  version: 18.1.5
- name: kafka
  repository: https://charts.bitnami.com/bitnami
  version: 26.1.0
digest: sha256:61f57727fad7971419c93bad413054bada983b202c5d0fdb71664e7b823a3945
generated: "2023-10-20T17:31:22.263784+02:00"
